
Microsoft Visual Studio Solution File, Format Version 12.00
# Visual Studio Version 17
VisualStudioVersion = 17.4.33403.182
MinimumVisualStudioVersion = 10.0.40219.1
Project("{FAE04EC0-301F-11D3-BF4B-00C04F79EFBC}") = "HaberlerApiCalismasiOrnek1", "HaberlerApiCalismasiOrnek1\HaberlerApiCalismasiOrnek1.csproj", "{0BD524F3-3A58-468B-9D67-B096ACC5D7E2}"
EndProject
Global
	GlobalSection(SolutionConfigurationPlatforms) = preSolution
		Debug|Any CPU = Debug|Any CPU
		Release|Any CPU = Release|Any CPU
	EndGlobalSection
	GlobalSection(ProjectConfigurationPlatforms) = postSolution
		{0BD524F3-3A58-468B-9D67-B096ACC5D7E2}.Debug|Any CPU.ActiveCfg = Debug|Any CPU
		{0BD524F3-3A58-468B-9D67-B096ACC5D7E2}.Debug|Any CPU.Build.0 = Debug|Any CPU
		{0BD524F3-3A58-468B-9D67-B096ACC5D7E2}.Release|Any CPU.ActiveCfg = Release|Any CPU
		{0BD524F3-3A58-468B-9D67-B096ACC5D7E2}.Release|Any CPU.Build.0 = Release|Any CPU
	EndGlobalSection
	GlobalSection(SolutionProperties) = preSolution
		HideSolutionNode = FALSE
	EndGlobalSection
	GlobalSection(ExtensibilityGlobals) = postSolution
		SolutionGuid = {B8CDA01C-0C5A-489F-81B2-787A7120D039}
	EndGlobalSection
EndGlobal
